
Microsoft Visual Studio Solution File, Format Version 12.00
# Visual Studio 15
VisualStudioVersion = 15.0.28307.329
MinimumVisualStudioVersion = 10.0.40219.1
Project("{9A19103F-16F7-4668-BE54-9A1E7A4F7556}") = "O365.Regional.Settings", "O365.Regional.Settings\O365.Regional.Settings.csproj", "{FE0438B7-2EDF-4F5D-AFFF-963349235A18}"
EndProject
Global
	GlobalSection(SolutionConfigurationPlatforms) = preSolution
		Debug|Any CPU = Debug|Any CPU
		Release|Any CPU = Release|Any CPU
	EndGlobalSection
	GlobalSection(ProjectConfigurationPlatforms) = postSolution
		{FE0438B7-2EDF-4F5D-AFFF-963349235A18}.Debug|Any CPU.ActiveCfg = Debug|Any CPU
		{FE0438B7-2EDF-4F5D-AFFF-963349235A18}.Debug|Any CPU.Build.0 = Debug|Any CPU
		{FE0438B7-2EDF-4F5D-AFFF-963349235A18}.Release|Any CPU.ActiveCfg = Release|Any CPU
		{FE0438B7-2EDF-4F5D-AFFF-963349235A18}.Release|Any CPU.Build.0 = Release|Any CPU
	EndGlobalSection
	GlobalSection(SolutionProperties) = preSolution
		HideSolutionNode = FALSE
	EndGlobalSection
	GlobalSection(ExtensibilityGlobals) = postSolution
		SolutionGuid = {F7BD3262-C269-484B-9EB3-A8C8D1FBD75A}
	EndGlobalSection
EndGlobal
